
Microsoft Visual Studio Solution File, Format Version 12.00
# Visual Studio Version 17
VisualStudioVersion = 17.4.33213.308
MinimumVisualStudioVersion = 10.0.40219.1
Project("{D2ABAB84-BF74-430A-B69E-9DC6D40DDA17}") = "SSAStemps", "SSAStemps\SSAStemps.dwproj", "{7BA9835D-4A13-4A55-BAF6-6CABB0287E61}"
EndProject
Global
	GlobalSection(SolutionConfigurationPlatforms) = preSolution
		Development|Default = Development|Default
	EndGlobalSection
	GlobalSection(ProjectConfigurationPlatforms) = postSolution
		{7BA9835D-4A13-4A55-BAF6-6CABB0287E61}.Development|Default.ActiveCfg = Development
		{7BA9835D-4A13-4A55-BAF6-6CABB0287E61}.Development|Default.Build.0 = Development
		{7BA9835D-4A13-4A55-BAF6-6CABB0287E61}.Development|Default.Deploy.0 = Development
	EndGlobalSection
	GlobalSection(SolutionProperties) = preSolution
		HideSolutionNode = FALSE
	EndGlobalSection
	GlobalSection(ExtensibilityGlobals) = postSolution
		SolutionGuid = {E394FAFD-752D-4628-BCB8-4A186E57C9B4}
	EndGlobalSection
EndGlobal
